
Microsoft Visual Studio Solution File, Format Version 11.00
# Visual Studio 2010
Project("{F184B08F-C81C-45F6-A57F-5ABD9991F28F}") = "RestrictionTracker", "RestrictionTracker\RestrictionTracker.vbproj", "{51FCCD55-3941-47A1-8FBD-974C6809E4CE}"
EndProject
Project("{F184B08F-C81C-45F6-A57F-5ABD9991F28F}") = "RestrictionLogger", "RestrictionLogger\RestrictionLogger.vbproj", "{AE10B9E9-C528-4B42-B6E0-9D927170F443}"
EndProject
Project("{F184B08F-C81C-45F6-A57F-5ABD9991F28F}") = "RestrictionController", "RestrictionController\RestrictionController.vbproj", "{00F084B8-A06D-44F1-A92D-E1F46A163539}"
	ProjectSection(ProjectDependencies) = postProject
		{AE10B9E9-C528-4B42-B6E0-9D927170F443} = {AE10B9E9-C528-4B42-B6E0-9D927170F443}
	EndProjectSection
EndProject
Project("{F184B08F-C81C-45F6-A57F-5ABD9991F28F}") = "RestrictionLibrary", "RestrictionLibrary\RestrictionLibrary.vbproj", "{40B5E309-B3F6-47D1-8CC7-9EE0646E1136}"
EndProject
Global
	GlobalSection(SolutionConfigurationPlatforms) = preSolution
		Debug|Any CPU = Debug|Any CPU
		Debug|AnyCPU = Debug|AnyCPU
		Debug|Mixed Platforms = Debug|Mixed Platforms
		Debug|x86 = Debug|x86
		Release|Any CPU = Release|Any CPU
		Release|AnyCPU = Release|AnyCPU
		Release|Mixed Platforms = Release|Mixed Platforms
		Release|x86 = Release|x86
	EndGlobalSection
	GlobalSection(ProjectConfigurationPlatforms) = postSolution
		{51FCCD55-3941-47A1-8FBD-974C6809E4CE}.Debug|Any CPU.ActiveCfg = Debug|Any CPU
		{51FCCD55-3941-47A1-8FBD-974C6809E4CE}.Debug|Any CPU.Build.0 = Debug|Any CPU
		{51FCCD55-3941-47A1-8FBD-974C6809E4CE}.Debug|AnyCPU.ActiveCfg = Debug|Any CPU
		{51FCCD55-3941-47A1-8FBD-974C6809E4CE}.Debug|AnyCPU.Build.0 = Debug|Any CPU
		{51FCCD55-3941-47A1-8FBD-974C6809E4CE}.Debug|Mixed Platforms.ActiveCfg = Debug|Any CPU
		{51FCCD55-3941-47A1-8FBD-974C6809E4CE}.Debug|Mixed Platforms.Build.0 = Debug|Any CPU
		{51FCCD55-3941-47A1-8FBD-974C6809E4CE}.Debug|x86.ActiveCfg = Debug|Any CPU
		{51FCCD55-3941-47A1-8FBD-974C6809E4CE}.Release|Any CPU.ActiveCfg = Release|Any CPU
		{51FCCD55-3941-47A1-8FBD-974C6809E4CE}.Release|Any CPU.Build.0 = Release|Any CPU
		{51FCCD55-3941-47A1-8FBD-974C6809E4CE}.Release|AnyCPU.ActiveCfg = Release|Any CPU
		{51FCCD55-3941-47A1-8FBD-974C6809E4CE}.Release|AnyCPU.Build.0 = Release|Any CPU
		{51FCCD55-3941-47A1-8FBD-974C6809E4CE}.Release|Mixed Platforms.ActiveCfg = Release|Any CPU
		{51FCCD55-3941-47A1-8FBD-974C6809E4CE}.Release|Mixed Platforms.Build.0 = Release|Any CPU
		{51FCCD55-3941-47A1-8FBD-974C6809E4CE}.Release|x86.ActiveCfg = Release|Any CPU
		{AE10B9E9-C528-4B42-B6E0-9D927170F443}.Debug|Any CPU.ActiveCfg = Debug|Any CPU
		{AE10B9E9-C528-4B42-B6E0-9D927170F443}.Debug|Any CPU.Build.0 = Debug|Any CPU
		{AE10B9E9-C528-4B42-B6E0-9D927170F443}.Debug|AnyCPU.ActiveCfg = Debug|Any CPU
		{AE10B9E9-C528-4B42-B6E0-9D927170F443}.Debug|AnyCPU.Build.0 = Debug|Any CPU
		{AE10B9E9-C528-4B42-B6E0-9D927170F443}.Debug|Mixed Platforms.ActiveCfg = Debug|Any CPU
		{AE10B9E9-C528-4B42-B6E0-9D927170F443}.Debug|Mixed Platforms.Build.0 = Debug|Any CPU
		{AE10B9E9-C528-4B42-B6E0-9D927170F443}.Debug|x86.ActiveCfg = Debug|Any CPU
		{AE10B9E9-C528-4B42-B6E0-9D927170F443}.Release|Any CPU.ActiveCfg = Release|Any CPU
		{AE10B9E9-C528-4B42-B6E0-9D927170F443}.Release|Any CPU.Build.0 = Release|Any CPU
		{AE10B9E9-C528-4B42-B6E0-9D927170F443}.Release|AnyCPU.ActiveCfg = Release|Any CPU
		{AE10B9E9-C528-4B42-B6E0-9D927170F443}.Release|AnyCPU.Build.0 = Release|Any CPU
		{AE10B9E9-C528-4B42-B6E0-9D927170F443}.Release|Mixed Platforms.ActiveCfg = Release|Any CPU
		{AE10B9E9-C528-4B42-B6E0-9D927170F443}.Release|Mixed Platforms.Build.0 = Release|Any CPU
		{AE10B9E9-C528-4B42-B6E0-9D927170F443}.Release|x86.ActiveCfg = Release|Any CPU
		{00F084B8-A06D-44F1-A92D-E1F46A163539}.Debug|Any CPU.ActiveCfg = Debug|Any CPU
		{00F084B8-A06D-44F1-A92D-E1F46A163539}.Debug|Any CPU.Build.0 = Debug|Any CPU
		{00F084B8-A06D-44F1-A92D-E1F46A163539}.Debug|AnyCPU.ActiveCfg = Debug|Any CPU
		{00F084B8-A06D-44F1-A92D-E1F46A163539}.Debug|AnyCPU.Build.0 = Debug|Any CPU
		{00F084B8-A06D-44F1-A92D-E1F46A163539}.Debug|Mixed Platforms.ActiveCfg = Debug|Any CPU
		{00F084B8-A06D-44F1-A92D-E1F46A163539}.Debug|Mixed Platforms.Build.0 = Debug|Any CPU
		{00F084B8-A06D-44F1-A92D-E1F46A163539}.Debug|x86.ActiveCfg = Debug|Any CPU
		{00F084B8-A06D-44F1-A92D-E1F46A163539}.Release|Any CPU.ActiveCfg = Release|Any CPU
		{00F084B8-A06D-44F1-A92D-E1F46A163539}.Release|Any CPU.Build.0 = Release|Any CPU
		{00F084B8-A06D-44F1-A92D-E1F46A163539}.Release|AnyCPU.ActiveCfg = Release|Any CPU
		{00F084B8-A06D-44F1-A92D-E1F46A163539}.Release|AnyCPU.Build.0 = Release|Any CPU
		{00F084B8-A06D-44F1-A92D-E1F46A163539}.Release|Mixed Platforms.ActiveCfg = Release|Any CPU
		{00F084B8-A06D-44F1-A92D-E1F46A163539}.Release|Mixed Platforms.Build.0 = Release|Any CPU
		{00F084B8-A06D-44F1-A92D-E1F46A163539}.Release|x86.ActiveCfg = Release|Any CPU
		{40B5E309-B3F6-47D1-8CC7-9EE0646E1136}.Debug|Any CPU.ActiveCfg = Debug|Any CPU
		{40B5E309-B3F6-47D1-8CC7-9EE0646E1136}.Debug|Any CPU.Build.0 = Debug|Any CPU
		{40B5E309-B3F6-47D1-8CC7-9EE0646E1136}.Debug|AnyCPU.ActiveCfg = Debug|Any CPU
		{40B5E309-B3F6-47D1-8CC7-9EE0646E1136}.Debug|Mixed Platforms.ActiveCfg = Debug|Any CPU
		{40B5E309-B3F6-47D1-8CC7-9EE0646E1136}.Debug|Mixed Platforms.Build.0 = Debug|Any CPU
		{40B5E309-B3F6-47D1-8CC7-9EE0646E1136}.Debug|x86.ActiveCfg = Debug|Any CPU
		{40B5E309-B3F6-47D1-8CC7-9EE0646E1136}.Release|Any CPU.ActiveCfg = Release|Any CPU
		{40B5E309-B3F6-47D1-8CC7-9EE0646E1136}.Release|Any CPU.Build.0 = Release|Any CPU
		{40B5E309-B3F6-47D1-8CC7-9EE0646E1136}.Release|AnyCPU.ActiveCfg = Release|Any CPU
		{40B5E309-B3F6-47D1-8CC7-9EE0646E1136}.Release|Mixed Platforms.ActiveCfg = Release|Any CPU
		{40B5E309-B3F6-47D1-8CC7-9EE0646E1136}.Release|Mixed Platforms.Build.0 = Release|Any CPU
		{40B5E309-B3F6-47D1-8CC7-9EE0646E1136}.Release|x86.ActiveCfg = Release|Any CPU
	EndGlobalSection
	GlobalSection(SolutionProperties) = preSolution
		HideSolutionNode = FALSE
	EndGlobalSection
EndGlobal
